// !$*UTF8*$!
{
	archiveVersion = 1;
	classes = {
	};
	objectVersion = 50;
	objects = {

/* Begin PBXBuildFile section */
		24198F4426B857E300CF6759 /* SpaceXApiModule.framework in Frameworks */ = {isa = PBXBuildFile; fileRef = 24198F4326B857E300CF6759 /* SpaceXApiModule.framework */; };
		24198F4526B857E300CF6759 /* SpaceXApiModule.framework in Embed Frameworks */ = {isa = PBXBuildFile; fileRef = 24198F4326B857E300CF6759 /* SpaceXApiModule.framework */; settings = {ATTRIBUTES = (CodeSignOnCopy, RemoveHeadersOnCopy, ); }; };
		24301BA426FA2FA7000C2621 /* MainTabBarController.swift in Sources */ = {isa = PBXBuildFile; fileRef = 24301BA326FA2FA7000C2621 /* MainTabBarController.swift */; };
		246E9F0A26A7529600BB5E47 /* AppDelegate.swift in Sources */ = {isa = PBXBuildFile; fileRef = 246E9F0926A7529600BB5E47 /* AppDelegate.swift */; };
		246E9F0C26A7529600BB5E47 /* SceneDelegate.swift in Sources */ = {isa = PBXBuildFile; fileRef = 246E9F0B26A7529600BB5E47 /* SceneDelegate.swift */; };
		246E9F0E26A7529600BB5E47 /* HomeViewController.swift in Sources */ = {isa = PBXBuildFile; fileRef = 246E9F0D26A7529600BB5E47 /* HomeViewController.swift */; };
		246E9F1326A7529900BB5E47 /* Assets.xcassets in Resources */ = {isa = PBXBuildFile; fileRef = 246E9F1226A7529900BB5E47 /* Assets.xcassets */; };
		246E9F1626A7529900BB5E47 /* LaunchScreen.storyboard in Resources */ = {isa = PBXBuildFile; fileRef = 246E9F1426A7529900BB5E47 /* LaunchScreen.storyboard */; };
		246E9F2126A7529A00BB5E47 /* HomeControllerTests.swift in Sources */ = {isa = PBXBuildFile; fileRef = 246E9F2026A7529A00BB5E47 /* HomeControllerTests.swift */; };
		246E9F2C26A7529A00BB5E47 /* SideProjectSpaceXAppUITests.swift in Sources */ = {isa = PBXBuildFile; fileRef = 246E9F2B26A7529A00BB5E47 /* SideProjectSpaceXAppUITests.swift */; };
		2492F71626A985DE0063D504 /* NetworkingService.framework in Frameworks */ = {isa = PBXBuildFile; fileRef = 2492F71526A985DE0063D504 /* NetworkingService.framework */; };
		2492F71726A985DE0063D504 /* NetworkingService.framework in Embed Frameworks */ = {isa = PBXBuildFile; fileRef = 2492F71526A985DE0063D504 /* NetworkingService.framework */; settings = {ATTRIBUTES = (CodeSignOnCopy, RemoveHeadersOnCopy, ); }; };
		24A7BF4526F21B3700FAB08A /* SpaceXAppDependencies.swift in Sources */ = {isa = PBXBuildFile; fileRef = 24A7BF4426F21B3700FAB08A /* SpaceXAppDependencies.swift */; };
		E66379C42721EDB100052134 /* nextLaunch.json in Resources */ = {isa = PBXBuildFile; fileRef = E66379C32721EDB100052134 /* nextLaunch.json */; };
		E66379C72721F21400052134 /* Launch.swift in Sources */ = {isa = PBXBuildFile; fileRef = E66379C62721F21400052134 /* Launch.swift */; };
		E66379CC2722044A00052134 /* HomeViewModelTests.swift in Sources */ = {isa = PBXBuildFile; fileRef = E66379CB2722044A00052134 /* HomeViewModelTests.swift */; };
		E66379CE272204E700052134 /* HomeViewModel.swift in Sources */ = {isa = PBXBuildFile; fileRef = E66379CD272204E700052134 /* HomeViewModel.swift */; };
		E683102926F48A9300F5E32C /* UpcomingViewController.swift in Sources */ = {isa = PBXBuildFile; fileRef = E683102826F48A9300F5E32C /* UpcomingViewController.swift */; };
		E683102D26F4C37900F5E32C /* LaunchCell.swift in Sources */ = {isa = PBXBuildFile; fileRef = E683102C26F4C37900F5E32C /* LaunchCell.swift */; };
		E69D0FDF2721942500942589 /* SpaceXApiServiceMock.swift in Sources */ = {isa = PBXBuildFile; fileRef = E69D0FDE2721942500942589 /* SpaceXApiServiceMock.swift */; };
		E6EDEECA2721AD0400DB11D5 /* NetworkingMocks.swift in Sources */ = {isa = PBXBuildFile; fileRef = E6EDEEC92721AD0400DB11D5 /* NetworkingMocks.swift */; };
		E6EDEEDA2721B18400DB11D5 /* upcomingLaunches.json in Resources */ = {isa = PBXBuildFile; fileRef = E6EDEED42721B18400DB11D5 /* upcomingLaunches.json */; };
		E6EDEEDB2721B18400DB11D5 /* singleLaunch.json in Resources */ = {isa = PBXBuildFile; fileRef = E6EDEED52721B18400DB11D5 /* singleLaunch.json */; };
		E6EDEEDC2721B18400DB11D5 /* multipleShips.json in Resources */ = {isa = PBXBuildFile; fileRef = E6EDEED62721B18400DB11D5 /* multipleShips.json */; };
		E6EDEEDD2721B18400DB11D5 /* pastLaunches.json in Resources */ = {isa = PBXBuildFile; fileRef = E6EDEED72721B18400DB11D5 /* pastLaunches.json */; };
		E6EDEEDE2721B18400DB11D5 /* singleRocket.json in Resources */ = {isa = PBXBuildFile; fileRef = E6EDEED82721B18400DB11D5 /* singleRocket.json */; };
		E6EDEEDF2721B18400DB11D5 /* singleShip.json in Resources */ = {isa = PBXBuildFile; fileRef = E6EDEED92721B18400DB11D5 /* singleShip.json */; };
		E6EDEEE12721B1ED00DB11D5 /* multipleRockets.json in Resources */ = {isa = PBXBuildFile; fileRef = E6EDEEE02721B1ED00DB11D5 /* multipleRockets.json */; };
/* End PBXBuildFile section */

/* Begin PBXContainerItemProxy section */
		24297E84272733FC00D09110 /* PBXContainerItemProxy */ = {
			isa = PBXContainerItemProxy;
			containerPortal = 24297E7E272733FC00D09110 /* SpaceXApiModule.xcodeproj */;
			proxyType = 2;
			remoteGlobalIDString = 24198F2726B8535400CF6759;
			remoteInfo = SpaceXApiModule;
		};
		24297E86272733FC00D09110 /* PBXContainerItemProxy */ = {
			isa = PBXContainerItemProxy;
			containerPortal = 24297E7E272733FC00D09110 /* SpaceXApiModule.xcodeproj */;
			proxyType = 2;
			remoteGlobalIDString = 24198F3026B8535500CF6759;
			remoteInfo = SpaceXApiModuleTests;
		};
		24297E99272734B800D09110 /* PBXContainerItemProxy */ = {
			isa = PBXContainerItemProxy;
			containerPortal = 24297E7E272733FC00D09110 /* SpaceXApiModule.xcodeproj */;
			proxyType = 1;
			remoteGlobalIDString = 24198F2626B8535400CF6759;
			remoteInfo = SpaceXApiModule;
		};
		246E9F1D26A7529A00BB5E47 /* PBXContainerItemProxy */ = {
			isa = PBXContainerItemProxy;
			containerPortal = 246E9EFE26A7529600BB5E47 /* Project object */;
			proxyType = 1;
			remoteGlobalIDString = 246E9F0526A7529600BB5E47;
			remoteInfo = SideProjectSpaceXApp;
		};
		246E9F2826A7529A00BB5E47 /* PBXContainerItemProxy */ = {
			isa = PBXContainerItemProxy;
			containerPortal = 246E9EFE26A7529600BB5E47 /* Project object */;
			proxyType = 1;
			remoteGlobalIDString = 246E9F0526A7529600BB5E47;
			remoteInfo = SideProjectSpaceXApp;
		};
/* End PBXContainerItemProxy section */

/* Begin PBXCopyFilesBuildPhase section */
		2492F71826A985DE0063D504 /* Embed Frameworks */ = {
			isa = PBXCopyFilesBuildPhase;
			buildActionMask = 2147483647;
			dstPath = "";
			dstSubfolderSpec = 10;
			files = (
				2492F71726A985DE0063D504 /* NetworkingService.framework in Embed Frameworks */,
				24198F4526B857E300CF6759 /* SpaceXApiModule.framework in Embed Frameworks */,
			);
			name = "Embed Frameworks";
			runOnlyForDeploymentPostprocessing = 0;
		};
/* End PBXCopyFilesBuildPhase section */

/* Begin PBXFileReference section */
		24198F4326B857E300CF6759 /* SpaceXApiModule.framework */ = {isa = PBXFileReference; explicitFileType = wrapper.framework; path = SpaceXApiModule.framework; sourceTree = BUILT_PRODUCTS_DIR; };
		24297E7E272733FC00D09110 /* SpaceXApiModule.xcodeproj */ = {isa = PBXFileReference; lastKnownFileType = "wrapper.pb-project"; name = SpaceXApiModule.xcodeproj; path = ../../Modules/SpaceXApiModule/SpaceXApiModule.xcodeproj; sourceTree = "<group>"; };
		24301BA326FA2FA7000C2621 /* MainTabBarController.swift */ = {isa = PBXFileReference; lastKnownFileType = sourcecode.swift; path = MainTabBarController.swift; sourceTree = "<group>"; };
		246E9F0626A7529600BB5E47 /* SideProjectSpaceXApp.app */ = {isa = PBXFileReference; explicitFileType = wrapper.application; includeInIndex = 0; path = SideProjectSpaceXApp.app; sourceTree = BUILT_PRODUCTS_DIR; };
		246E9F0926A7529600BB5E47 /* AppDelegate.swift */ = {isa = PBXFileReference; lastKnownFileType = sourcecode.swift; path = AppDelegate.swift; sourceTree = "<group>"; };
		246E9F0B26A7529600BB5E47 /* SceneDelegate.swift */ = {isa = PBXFileReference; lastKnownFileType = sourcecode.swift; path = SceneDelegate.swift; sourceTree = "<group>"; };
		246E9F0D26A7529600BB5E47 /* HomeViewController.swift */ = {isa = PBXFileReference; lastKnownFileType = sourcecode.swift; path = HomeViewController.swift; sourceTree = "<group>"; };
		246E9F1226A7529900BB5E47 /* Assets.xcassets */ = {isa = PBXFileReference; lastKnownFileType = folder.assetcatalog; path = Assets.xcassets; sourceTree = "<group>"; };
		246E9F1526A7529900BB5E47 /* Base */ = {isa = PBXFileReference; lastKnownFileType = file.storyboard; name = Base; path = Base.lproj/LaunchScreen.storyboard; sourceTree = "<group>"; };
		246E9F1726A7529900BB5E47 /* Info.plist */ = {isa = PBXFileReference; lastKnownFileType = text.plist.xml; path = Info.plist; sourceTree = "<group>"; };
		246E9F1C26A7529A00BB5E47 /* SideProjectSpaceXAppTests.xctest */ = {isa = PBXFileReference; explicitFileType = wrapper.cfbundle; includeInIndex = 0; path = SideProjectSpaceXAppTests.xctest; sourceTree = BUILT_PRODUCTS_DIR; };
		246E9F2026A7529A00BB5E47 /* HomeControllerTests.swift */ = {isa = PBXFileReference; lastKnownFileType = sourcecode.swift; path = HomeControllerTests.swift; sourceTree = "<group>"; };
		246E9F2226A7529A00BB5E47 /* Info.plist */ = {isa = PBXFileReference; lastKnownFileType = text.plist.xml; path = Info.plist; sourceTree = "<group>"; };
		246E9F2726A7529A00BB5E47 /* SideProjectSpaceXAppUITests.xctest */ = {isa = PBXFileReference; explicitFileType = wrapper.cfbundle; includeInIndex = 0; path = SideProjectSpaceXAppUITests.xctest; sourceTree = BUILT_PRODUCTS_DIR; };
		246E9F2B26A7529A00BB5E47 /* SideProjectSpaceXAppUITests.swift */ = {isa = PBXFileReference; lastKnownFileType = sourcecode.swift; path = SideProjectSpaceXAppUITests.swift; sourceTree = "<group>"; };
		246E9F2D26A7529A00BB5E47 /* Info.plist */ = {isa = PBXFileReference; lastKnownFileType = text.plist.xml; path = Info.plist; sourceTree = "<group>"; };
		2492F71526A985DE0063D504 /* NetworkingService.framework */ = {isa = PBXFileReference; explicitFileType = wrapper.framework; path = NetworkingService.framework; sourceTree = BUILT_PRODUCTS_DIR; };
		24A7BF4426F21B3700FAB08A /* SpaceXAppDependencies.swift */ = {isa = PBXFileReference; fileEncoding = 4; lastKnownFileType = sourcecode.swift; path = SpaceXAppDependencies.swift; sourceTree = "<group>"; };
		E66379C32721EDB100052134 /* nextLaunch.json */ = {isa = PBXFileReference; fileEncoding = 4; lastKnownFileType = text.json; path = nextLaunch.json; sourceTree = "<group>"; };
		E66379C62721F21400052134 /* Launch.swift */ = {isa = PBXFileReference; lastKnownFileType = sourcecode.swift; path = Launch.swift; sourceTree = "<group>"; };
		E66379CB2722044A00052134 /* HomeViewModelTests.swift */ = {isa = PBXFileReference; lastKnownFileType = sourcecode.swift; path = HomeViewModelTests.swift; sourceTree = "<group>"; };
		E66379CD272204E700052134 /* HomeViewModel.swift */ = {isa = PBXFileReference; lastKnownFileType = sourcecode.swift; path = HomeViewModel.swift; sourceTree = "<group>"; };
		E683102826F48A9300F5E32C /* UpcomingViewController.swift */ = {isa = PBXFileReference; lastKnownFileType = sourcecode.swift; path = UpcomingViewController.swift; sourceTree = "<group>"; };
		E683102C26F4C37900F5E32C /* LaunchCell.swift */ = {isa = PBXFileReference; lastKnownFileType = sourcecode.swift; path = LaunchCell.swift; sourceTree = "<group>"; };
		E69D0FDE2721942500942589 /* SpaceXApiServiceMock.swift */ = {isa = PBXFileReference; lastKnownFileType = sourcecode.swift; path = SpaceXApiServiceMock.swift; sourceTree = "<group>"; };
		E6EDEEC92721AD0400DB11D5 /* NetworkingMocks.swift */ = {isa = PBXFileReference; lastKnownFileType = sourcecode.swift; path = NetworkingMocks.swift; sourceTree = "<group>"; };
		E6EDEED42721B18400DB11D5 /* upcomingLaunches.json */ = {isa = PBXFileReference; fileEncoding = 4; lastKnownFileType = text.json; path = upcomingLaunches.json; sourceTree = "<group>"; };
		E6EDEED52721B18400DB11D5 /* singleLaunch.json */ = {isa = PBXFileReference; fileEncoding = 4; lastKnownFileType = text.json; path = singleLaunch.json; sourceTree = "<group>"; };
		E6EDEED62721B18400DB11D5 /* multipleShips.json */ = {isa = PBXFileReference; fileEncoding = 4; lastKnownFileType = text.json; path = multipleShips.json; sourceTree = "<group>"; };
		E6EDEED72721B18400DB11D5 /* pastLaunches.json */ = {isa = PBXFileReference; fileEncoding = 4; lastKnownFileType = text.json; path = pastLaunches.json; sourceTree = "<group>"; };
		E6EDEED82721B18400DB11D5 /* singleRocket.json */ = {isa = PBXFileReference; fileEncoding = 4; lastKnownFileType = text.json; path = singleRocket.json; sourceTree = "<group>"; };
		E6EDEED92721B18400DB11D5 /* singleShip.json */ = {isa = PBXFileReference; fileEncoding = 4; lastKnownFileType = text.json; path = singleShip.json; sourceTree = "<group>"; };
		E6EDEEE02721B1ED00DB11D5 /* multipleRockets.json */ = {isa = PBXFileReference; fileEncoding = 4; lastKnownFileType = text.json; path = multipleRockets.json; sourceTree = "<group>"; };
/* End PBXFileReference section */

/* Begin PBXFrameworksBuildPhase section */
		246E9F0326A7529600BB5E47 /* Frameworks */ = {
			isa = PBXFrameworksBuildPhase;
			buildActionMask = 2147483647;
			files = (
				2492F71626A985DE0063D504 /* NetworkingService.framework in Frameworks */,
				24198F4426B857E300CF6759 /* SpaceXApiModule.framework in Frameworks */,
			);
			runOnlyForDeploymentPostprocessing = 0;
		};
		246E9F1926A7529A00BB5E47 /* Frameworks */ = {
			isa = PBXFrameworksBuildPhase;
			buildActionMask = 2147483647;
			files = (
			);
			runOnlyForDeploymentPostprocessing = 0;
		};
		246E9F2426A7529A00BB5E47 /* Frameworks */ = {
			isa = PBXFrameworksBuildPhase;
			buildActionMask = 2147483647;
			files = (
			);
			runOnlyForDeploymentPostprocessing = 0;
		};
/* End PBXFrameworksBuildPhase section */

/* Begin PBXGroup section */
		24297E7D272733D700D09110 /* Modules */ = {
			isa = PBXGroup;
			children = (
				24297E7E272733FC00D09110 /* SpaceXApiModule.xcodeproj */,
			);
			name = Modules;
			sourceTree = "<group>";
		};
		24297E7F272733FC00D09110 /* Products */ = {
			isa = PBXGroup;
			children = (
				24297E85272733FC00D09110 /* SpaceXApiModule.framework */,
				24297E87272733FC00D09110 /* SpaceXApiModuleTests.xctest */,
			);
			name = Products;
			sourceTree = "<group>";
		};
		24301BA126FA2F82000C2621 /* Common */ = {
			isa = PBXGroup;
			children = (
				24301BA226FA2F8B000C2621 /* UI */,
			);
			path = Common;
			sourceTree = "<group>";
		};
		24301BA226FA2F8B000C2621 /* UI */ = {
			isa = PBXGroup;
			children = (
				24301BA326FA2FA7000C2621 /* MainTabBarController.swift */,
				E683102C26F4C37900F5E32C /* LaunchCell.swift */,
			);
			path = UI;
			sourceTree = "<group>";
		};
		246E9EFD26A7529600BB5E47 = {
			isa = PBXGroup;
			children = (
				24297E7D272733D700D09110 /* Modules */,
				246E9F0826A7529600BB5E47 /* SideProjectSpaceXApp */,
				246E9F1F26A7529A00BB5E47 /* SideProjectSpaceXAppTests */,
				246E9F2A26A7529A00BB5E47 /* SideProjectSpaceXAppUITests */,
				246E9F0726A7529600BB5E47 /* Products */,
				2492F71426A985DE0063D504 /* Frameworks */,
			);
			sourceTree = "<group>";
		};
		246E9F0726A7529600BB5E47 /* Products */ = {
			isa = PBXGroup;
			children = (
				246E9F0626A7529600BB5E47 /* SideProjectSpaceXApp.app */,
				246E9F1C26A7529A00BB5E47 /* SideProjectSpaceXAppTests.xctest */,
				246E9F2726A7529A00BB5E47 /* SideProjectSpaceXAppUITests.xctest */,
			);
			name = Products;
			sourceTree = "<group>";
		};
		246E9F0826A7529600BB5E47 /* SideProjectSpaceXApp */ = {
			isa = PBXGroup;
			children = (
				24A7BF4126F21A6F00FAB08A /* Main */,
				246E9F0926A7529600BB5E47 /* AppDelegate.swift */,
				246E9F0B26A7529600BB5E47 /* SceneDelegate.swift */,
				246E9F1226A7529900BB5E47 /* Assets.xcassets */,
				246E9F1426A7529900BB5E47 /* LaunchScreen.storyboard */,
				246E9F1726A7529900BB5E47 /* Info.plist */,
			);
			path = SideProjectSpaceXApp;
			sourceTree = "<group>";
		};
		246E9F1F26A7529A00BB5E47 /* SideProjectSpaceXAppTests */ = {
			isa = PBXGroup;
			children = (
				E69D0FDC2721940800942589 /* Mocks */,
				E69D0FCC2721923D00942589 /* Cases */,
				246E9F2226A7529A00BB5E47 /* Info.plist */,
			);
			path = SideProjectSpaceXAppTests;
			sourceTree = "<group>";
		};
		246E9F2A26A7529A00BB5E47 /* SideProjectSpaceXAppUITests */ = {
			isa = PBXGroup;
			children = (
				246E9F2B26A7529A00BB5E47 /* SideProjectSpaceXAppUITests.swift */,
				246E9F2D26A7529A00BB5E47 /* Info.plist */,
			);
			path = SideProjectSpaceXAppUITests;
			sourceTree = "<group>";
		};
		2492F71426A985DE0063D504 /* Frameworks */ = {
			isa = PBXGroup;
			children = (
				24198F4326B857E300CF6759 /* SpaceXApiModule.framework */,
				2492F71526A985DE0063D504 /* NetworkingService.framework */,
			);
			name = Frameworks;
			sourceTree = "<group>";
		};
		24A7BF4126F21A6F00FAB08A /* Main */ = {
			isa = PBXGroup;
			children = (
				E66379C52721F20800052134 /* Models */,
				24301BA126FA2F82000C2621 /* Common */,
				24A7BF4426F21B3700FAB08A /* SpaceXAppDependencies.swift */,
				24A7BF4226F21A7800FAB08A /* Scenes */,
			);
			path = Main;
			sourceTree = "<group>";
		};
		24A7BF4226F21A7800FAB08A /* Scenes */ = {
			isa = PBXGroup;
			children = (
				E683102726F48A6F00F5E32C /* Upcoming */,
				24A7BF4326F21A7F00FAB08A /* Home */,
			);
			path = Scenes;
			sourceTree = "<group>";
		};
		24A7BF4326F21A7F00FAB08A /* Home */ = {
			isa = PBXGroup;
			children = (
				246E9F0D26A7529600BB5E47 /* HomeViewController.swift */,
				E66379CD272204E700052134 /* HomeViewModel.swift */,
			);
			path = Home;
			sourceTree = "<group>";
		};
		E66379C52721F20800052134 /* Models */ = {
			isa = PBXGroup;
			children = (
				E66379C62721F21400052134 /* Launch.swift */,
			);
			path = Models;
			sourceTree = "<group>";
		};
		E66379CA2722042000052134 /* Home ViewModel */ = {
			isa = PBXGroup;
			children = (
				E66379CB2722044A00052134 /* HomeViewModelTests.swift */,
			);
			path = "Home ViewModel";
			sourceTree = "<group>";
		};
		E683102726F48A6F00F5E32C /* Upcoming */ = {
			isa = PBXGroup;
			children = (
				E683102826F48A9300F5E32C /* UpcomingViewController.swift */,
			);
			path = Upcoming;
			sourceTree = "<group>";
		};
		E69D0FCC2721923D00942589 /* Cases */ = {
			isa = PBXGroup;
			children = (
				E66379CA2722042000052134 /* Home ViewModel */,
				E69D0FCE2721925E00942589 /* UI Layer */,
			);
			path = Cases;
			sourceTree = "<group>";
		};
		E69D0FCE2721925E00942589 /* UI Layer */ = {
			isa = PBXGroup;
			children = (
				246E9F2026A7529A00BB5E47 /* HomeControllerTests.swift */,
			);
			path = "UI Layer";
			sourceTree = "<group>";
		};
		E69D0FDC2721940800942589 /* Mocks */ = {
			isa = PBXGroup;
			children = (
				E6EDEED62721B18400DB11D5 /* multipleShips.json */,
				E6EDEED72721B18400DB11D5 /* pastLaunches.json */,
				E6EDEED52721B18400DB11D5 /* singleLaunch.json */,
				E66379C32721EDB100052134 /* nextLaunch.json */,
				E6EDEEE02721B1ED00DB11D5 /* multipleRockets.json */,
				E6EDEED82721B18400DB11D5 /* singleRocket.json */,
				E6EDEED92721B18400DB11D5 /* singleShip.json */,
				E6EDEED42721B18400DB11D5 /* upcomingLaunches.json */,
				E69D0FDE2721942500942589 /* SpaceXApiServiceMock.swift */,
				E6EDEEC92721AD0400DB11D5 /* NetworkingMocks.swift */,
			);
			path = Mocks;
			sourceTree = "<group>";
		};
/* End PBXGroup section */

/* Begin PBXNativeTarget section */
		246E9F0526A7529600BB5E47 /* SideProjectSpaceXApp */ = {
			isa = PBXNativeTarget;
			buildConfigurationList = 246E9F3026A7529A00BB5E47 /* Build configuration list for PBXNativeTarget "SideProjectSpaceXApp" */;
			buildPhases = (
				246E9F0226A7529600BB5E47 /* Sources */,
				246E9F0326A7529600BB5E47 /* Frameworks */,
				246E9F0426A7529600BB5E47 /* Resources */,
				2492F71826A985DE0063D504 /* Embed Frameworks */,
			);
			buildRules = (
			);
			dependencies = (
				24297E9A272734B800D09110 /* PBXTargetDependency */,
			);
			name = SideProjectSpaceXApp;
			productName = SideProjectSpaceXApp;
			productReference = 246E9F0626A7529600BB5E47 /* SideProjectSpaceXApp.app */;
			productType = "com.apple.product-type.application";
		};
		246E9F1B26A7529A00BB5E47 /* SideProjectSpaceXAppTests */ = {
			isa = PBXNativeTarget;
			buildConfigurationList = 246E9F3326A7529A00BB5E47 /* Build configuration list for PBXNativeTarget "SideProjectSpaceXAppTests" */;
			buildPhases = (
				246E9F1826A7529A00BB5E47 /* Sources */,
				246E9F1926A7529A00BB5E47 /* Frameworks */,
				246E9F1A26A7529A00BB5E47 /* Resources */,
			);
			buildRules = (
			);
			dependencies = (
				246E9F1E26A7529A00BB5E47 /* PBXTargetDependency */,
			);
			name = SideProjectSpaceXAppTests;
			productName = SideProjectSpaceXAppTests;
			productReference = 246E9F1C26A7529A00BB5E47 /* SideProjectSpaceXAppTests.xctest */;
			productType = "com.apple.product-type.bundle.unit-test";
		};
		246E9F2626A7529A00BB5E47 /* SideProjectSpaceXAppUITests */ = {
			isa = PBXNativeTarget;
			buildConfigurationList = 246E9F3626A7529A00BB5E47 /* Build configuration list for PBXNativeTarget "SideProjectSpaceXAppUITests" */;
			buildPhases = (
				246E9F2326A7529A00BB5E47 /* Sources */,
				246E9F2426A7529A00BB5E47 /* Frameworks */,
				246E9F2526A7529A00BB5E47 /* Resources */,
			);
			buildRules = (
			);
			dependencies = (
				246E9F2926A7529A00BB5E47 /* PBXTargetDependency */,
			);
			name = SideProjectSpaceXAppUITests;
			productName = SideProjectSpaceXAppUITests;
			productReference = 246E9F2726A7529A00BB5E47 /* SideProjectSpaceXAppUITests.xctest */;
			productType = "com.apple.product-type.bundle.ui-testing";
		};
/* End PBXNativeTarget section */

/* Begin PBXProject section */
		246E9EFE26A7529600BB5E47 /* Project object */ = {
			isa = PBXProject;
			attributes = {
				LastSwiftUpdateCheck = 1250;
				LastUpgradeCheck = 1250;
				TargetAttributes = {
					246E9F0526A7529600BB5E47 = {
						CreatedOnToolsVersion = 12.5;
					};
					246E9F1B26A7529A00BB5E47 = {
						CreatedOnToolsVersion = 12.5;
						TestTargetID = 246E9F0526A7529600BB5E47;
					};
					246E9F2626A7529A00BB5E47 = {
						CreatedOnToolsVersion = 12.5;
						TestTargetID = 246E9F0526A7529600BB5E47;
					};
				};
			};
			buildConfigurationList = 246E9F0126A7529600BB5E47 /* Build configuration list for PBXProject "SideProjectSpaceXApp" */;
			compatibilityVersion = "Xcode 9.3";
			developmentRegion = en;
			hasScannedForEncodings = 0;
			knownRegions = (
				en,
				Base,
			);
			mainGroup = 246E9EFD26A7529600BB5E47;
			productRefGroup = 246E9F0726A7529600BB5E47 /* Products */;
			projectDirPath = "";
			projectReferences = (
				{
					ProductGroup = 24297E7F272733FC00D09110 /* Products */;
					ProjectRef = 24297E7E272733FC00D09110 /* SpaceXApiModule.xcodeproj */;
				},
			);
			projectRoot = "";
			targets = (
				246E9F0526A7529600BB5E47 /* SideProjectSpaceXApp */,
				246E9F1B26A7529A00BB5E47 /* SideProjectSpaceXAppTests */,
				246E9F2626A7529A00BB5E47 /* SideProjectSpaceXAppUITests */,
			);
		};
/* End PBXProject section */

/* Begin PBXReferenceProxy section */
		24297E85272733FC00D09110 /* SpaceXApiModule.framework */ = {
			isa = PBXReferenceProxy;
			fileType = wrapper.framework;
			path = SpaceXApiModule.framework;
			remoteRef = 24297E84272733FC00D09110 /* PBXContainerItemProxy */;
			sourceTree = BUILT_PRODUCTS_DIR;
		};
		24297E87272733FC00D09110 /* SpaceXApiModuleTests.xctest */ = {
			isa = PBXReferenceProxy;
			fileType = wrapper.cfbundle;
			path = SpaceXApiModuleTests.xctest;
			remoteRef = 24297E86272733FC00D09110 /* PBXContainerItemProxy */;
			sourceTree = BUILT_PRODUCTS_DIR;
		};
/* End PBXReferenceProxy section */

/* Begin PBXResourcesBuildPhase section */
		246E9F0426A7529600BB5E47 /* Resources */ = {
			isa = PBXResourcesBuildPhase;
			buildActionMask = 2147483647;
			files = (
				246E9F1626A7529900BB5E47 /* LaunchScreen.storyboard in Resources */,
				246E9F1326A7529900BB5E47 /* Assets.xcassets in Resources */,
			);
			runOnlyForDeploymentPostprocessing = 0;
		};
		246E9F1A26A7529A00BB5E47 /* Resources */ = {
			isa = PBXResourcesBuildPhase;
			buildActionMask = 2147483647;
			files = (
				E6EDEEDD2721B18400DB11D5 /* pastLaunches.json in Resources */,
				E66379C42721EDB100052134 /* nextLaunch.json in Resources */,
				E6EDEEDF2721B18400DB11D5 /* singleShip.json in Resources */,
				E6EDEEE12721B1ED00DB11D5 /* multipleRockets.json in Resources */,
				E6EDEEDE2721B18400DB11D5 /* singleRocket.json in Resources */,
				E6EDEEDC2721B18400DB11D5 /* multipleShips.json in Resources */,
				E6EDEEDB2721B18400DB11D5 /* singleLaunch.json in Resources */,
				E6EDEEDA2721B18400DB11D5 /* upcomingLaunches.json in Resources */,
			);
			runOnlyForDeploymentPostprocessing = 0;
		};
		246E9F2526A7529A00BB5E47 /* Resources */ = {
			isa = PBXResourcesBuildPhase;
			buildActionMask = 2147483647;
			files = (
			);
			runOnlyForDeploymentPostprocessing = 0;
		};
/* End PBXResourcesBuildPhase section */

/* Begin PBXSourcesBuildPhase section */
		246E9F0226A7529600BB5E47 /* Sources */ = {
			isa = PBXSourcesBuildPhase;
			buildActionMask = 2147483647;
			files = (
				246E9F0E26A7529600BB5E47 /* HomeViewController.swift in Sources */,
				246E9F0A26A7529600BB5E47 /* AppDelegate.swift in Sources */,
				E66379CE272204E700052134 /* HomeViewModel.swift in Sources */,
				E66379C72721F21400052134 /* Launch.swift in Sources */,
				E683102D26F4C37900F5E32C /* LaunchCell.swift in Sources */,
				24301BA426FA2FA7000C2621 /* MainTabBarController.swift in Sources */,
				24A7BF4526F21B3700FAB08A /* SpaceXAppDependencies.swift in Sources */,
				E683102926F48A9300F5E32C /* UpcomingViewController.swift in Sources */,
				246E9F0C26A7529600BB5E47 /* SceneDelegate.swift in Sources */,
			);
			runOnlyForDeploymentPostprocessing = 0;
		};
		246E9F1826A7529A00BB5E47 /* Sources */ = {
			isa = PBXSourcesBuildPhase;
			buildActionMask = 2147483647;
			files = (
				E66379CC2722044A00052134 /* HomeViewModelTests.swift in Sources */,
				246E9F2126A7529A00BB5E47 /* HomeControllerTests.swift in Sources */,
				E69D0FDF2721942500942589 /* SpaceXApiServiceMock.swift in Sources */,
				E6EDEECA2721AD0400DB11D5 /* NetworkingMocks.swift in Sources */,
			);
			runOnlyForDeploymentPostprocessing = 0;
		};
		246E9F2326A7529A00BB5E47 /* Sources */ = {
			isa = PBXSourcesBuildPhase;
			buildActionMask = 2147483647;
			files = (
				246E9F2C26A7529A00BB5E47 /* SideProjectSpaceXAppUITests.swift in Sources */,
			);
			runOnlyForDeploymentPostprocessing = 0;
		};
/* End PBXSourcesBuildPhase section */

/* Begin PBXTargetDependency section */
		24297E9A272734B800D09110 /* PBXTargetDependency */ = {
			isa = PBXTargetDependency;
			name = SpaceXApiModule;
			targetProxy = 24297E99272734B800D09110 /* PBXContainerItemProxy */;
		};
		246E9F1E26A7529A00BB5E47 /* PBXTargetDependency */ = {
			isa = PBXTargetDependency;
			target = 246E9F0526A7529600BB5E47 /* SideProjectSpaceXApp */;
			targetProxy = 246E9F1D26A7529A00BB5E47 /* PBXContainerItemProxy */;
		};
		246E9F2926A7529A00BB5E47 /* PBXTargetDependency */ = {
			isa = PBXTargetDependency;
			target = 246E9F0526A7529600BB5E47 /* SideProjectSpaceXApp */;
			targetProxy = 246E9F2826A7529A00BB5E47 /* PBXContainerItemProxy */;
		};
/* End PBXTargetDependency section */

/* Begin PBXVariantGroup section */
		246E9F1426A7529900BB5E47 /* LaunchScreen.storyboard */ = {
			isa = PBXVariantGroup;
			children = (
				246E9F1526A7529900BB5E47 /* Base */,
			);
			name = LaunchScreen.storyboard;
			sourceTree = "<group>";
		};
/* End PBXVariantGroup section */

/* Begin XCBuildConfiguration section */
		246E9F2E26A7529A00BB5E47 /* Debug */ = {
			isa = XCBuildConfiguration;
			buildSettings = {
				ALWAYS_SEARCH_USER_PATHS = NO;
				CLANG_ANALYZER_NONNULL = YES;
				CLANG_ANALYZER_NUMBER_OBJECT_CONVERSION = YES_AGGRESSIVE;
				CLANG_CXX_LANGUAGE_STANDARD = "gnu++14";
				CLANG_CXX_LIBRARY = "libc++";
				CLANG_ENABLE_MODULES = YES;
				CLANG_ENABLE_OBJC_ARC = YES;
				CLANG_ENABLE_OBJC_WEAK = YES;
				CLANG_WARN_BLOCK_CAPTURE_AUTORELEASING = YES;
				CLANG_WARN_BOOL_CONVERSION = YES;
				CLANG_WARN_COMMA = YES;
				CLANG_WARN_CONSTANT_CONVERSION = YES;
				CLANG_WARN_DEPRECATED_OBJC_IMPLEMENTATIONS = YES;
				CLANG_WARN_DIRECT_OBJC_ISA_USAGE = YES_ERROR;
				CLANG_WARN_DOCUMENTATION_COMMENTS = YES;
				CLANG_WARN_EMPTY_BODY = YES;
				CLANG_WARN_ENUM_CONVERSION = YES;
				CLANG_WARN_INFINITE_RECURSION = YES;
				CLANG_WARN_INT_CONVERSION = YES;
				CLANG_WARN_NON_LITERAL_NULL_CONVERSION = YES;
				CLANG_WARN_OBJC_IMPLICIT_RETAIN_SELF = YES;
				CLANG_WARN_OBJC_LITERAL_CONVERSION = YES;
				CLANG_WARN_OBJC_ROOT_CLASS = YES_ERROR;
				CLANG_WARN_QUOTED_INCLUDE_IN_FRAMEWORK_HEADER = YES;
				CLANG_WARN_RANGE_LOOP_ANALYSIS = YES;
				CLANG_WARN_STRICT_PROTOTYPES = YES;
				CLANG_WARN_SUSPICIOUS_MOVE = YES;
				CLANG_WARN_UNGUARDED_AVAILABILITY = YES_AGGRESSIVE;
				CLANG_WARN_UNREACHABLE_CODE = YES;
				CLANG_WARN__DUPLICATE_METHOD_MATCH = YES;
				COPY_PHASE_STRIP = NO;
				DEBUG_INFORMATION_FORMAT = dwarf;
				ENABLE_STRICT_OBJC_MSGSEND = YES;
				ENABLE_TESTABILITY = YES;
				GCC_C_LANGUAGE_STANDARD = gnu11;
				GCC_DYNAMIC_NO_PIC = NO;
				GCC_NO_COMMON_BLOCKS = YES;
				GCC_OPTIMIZATION_LEVEL = 0;
				GCC_PREPROCESSOR_DEFINITIONS = (
					"DEBUG=1",
					"$(inherited)",
				);
				GCC_WARN_64_TO_32_BIT_CONVERSION = YES;
				GCC_WARN_ABOUT_RETURN_TYPE = YES_ERROR;
				GCC_WARN_UNDECLARED_SELECTOR = YES;
				GCC_WARN_UNINITIALIZED_AUTOS = YES_AGGRESSIVE;
				GCC_WARN_UNUSED_FUNCTION = YES;
				GCC_WARN_UNUSED_VARIABLE = YES;
				IPHONEOS_DEPLOYMENT_TARGET = 14.5;
				MTL_ENABLE_DEBUG_INFO = INCLUDE_SOURCE;
				MTL_FAST_MATH = YES;
				ONLY_ACTIVE_ARCH = YES;
				SDKROOT = iphoneos;
				SWIFT_ACTIVE_COMPILATION_CONDITIONS = DEBUG;
				SWIFT_OPTIMIZATION_LEVEL = "-Onone";
			};
			name = Debug;
		};
		246E9F2F26A7529A00BB5E47 /* Release */ = {
			isa = XCBuildConfiguration;
			buildSettings = {
				ALWAYS_SEARCH_USER_PATHS = NO;
				CLANG_ANALYZER_NONNULL = YES;
				CLANG_ANALYZER_NUMBER_OBJECT_CONVERSION = YES_AGGRESSIVE;
				CLANG_CXX_LANGUAGE_STANDARD = "gnu++14";
				CLANG_CXX_LIBRARY = "libc++";
				CLANG_ENABLE_MODULES = YES;
				CLANG_ENABLE_OBJC_ARC = YES;
				CLANG_ENABLE_OBJC_WEAK = YES;
				CLANG_WARN_BLOCK_CAPTURE_AUTORELEASING = YES;
				CLANG_WARN_BOOL_CONVERSION = YES;
				CLANG_WARN_COMMA = YES;
				CLANG_WARN_CONSTANT_CONVERSION = YES;
				CLANG_WARN_DEPRECATED_OBJC_IMPLEMENTATIONS = YES;
				CLANG_WARN_DIRECT_OBJC_ISA_USAGE = YES_ERROR;
				CLANG_WARN_DOCUMENTATION_COMMENTS = YES;
				CLANG_WARN_EMPTY_BODY = YES;
				CLANG_WARN_ENUM_CONVERSION = YES;
				CLANG_WARN_INFINITE_RECURSION = YES;
				CLANG_WARN_INT_CONVERSION = YES;
				CLANG_WARN_NON_LITERAL_NULL_CONVERSION = YES;
				CLANG_WARN_OBJC_IMPLICIT_RETAIN_SELF = YES;
				CLANG_WARN_OBJC_LITERAL_CONVERSION = YES;
				CLANG_WARN_OBJC_ROOT_CLASS = YES_ERROR;
				CLANG_WARN_QUOTED_INCLUDE_IN_FRAMEWORK_HEADER = YES;
				CLANG_WARN_RANGE_LOOP_ANALYSIS = YES;
				CLANG_WARN_STRICT_PROTOTYPES = YES;
				CLANG_WARN_SUSPICIOUS_MOVE = YES;
				CLANG_WARN_UNGUARDED_AVAILABILITY = YES_AGGRESSIVE;
				CLANG_WARN_UNREACHABLE_CODE = YES;
				CLANG_WARN__DUPLICATE_METHOD_MATCH = YES;
				COPY_PHASE_STRIP = NO;
				DEBUG_INFORMATION_FORMAT = "dwarf-with-dsym";
				ENABLE_NS_ASSERTIONS = NO;
				ENABLE_STRICT_OBJC_MSGSEND = YES;
				GCC_C_LANGUAGE_STANDARD = gnu11;
				GCC_NO_COMMON_BLOCKS = YES;
				GCC_WARN_64_TO_32_BIT_CONVERSION = YES;
				GCC_WARN_ABOUT_RETURN_TYPE = YES_ERROR;
				GCC_WARN_UNDECLARED_SELECTOR = YES;
				GCC_WARN_UNINITIALIZED_AUTOS = YES_AGGRESSIVE;
				GCC_WARN_UNUSED_FUNCTION = YES;
				GCC_WARN_UNUSED_VARIABLE = YES;
				IPHONEOS_DEPLOYMENT_TARGET = 14.5;
				MTL_ENABLE_DEBUG_INFO = NO;
				MTL_FAST_MATH = YES;
				SDKROOT = iphoneos;
				SWIFT_COMPILATION_MODE = wholemodule;
				SWIFT_OPTIMIZATION_LEVEL = "-O";
				VALIDATE_PRODUCT = YES;
			};
			name = Release;
		};
		246E9F3126A7529A00BB5E47 /* Debug */ = {
			isa = XCBuildConfiguration;
			buildSettings = {
				ASSETCATALOG_COMPILER_APPICON_NAME = AppIcon;
				ASSETCATALOG_COMPILER_GLOBAL_ACCENT_COLOR_NAME = AccentColor;
				CODE_SIGN_STYLE = Automatic;
				INFOPLIST_FILE = SideProjectSpaceXApp/Info.plist;
				LD_RUNPATH_SEARCH_PATHS = (
					"$(inherited)",
					"@executable_path/Frameworks",
				);
				PRODUCT_BUNDLE_IDENTIFIER = de.test.SideProjectSpaceXApp;
				PRODUCT_NAME = "$(TARGET_NAME)";
				SWIFT_VERSION = 5.0;
				TARGETED_DEVICE_FAMILY = "1,2";
			};
			name = Debug;
		};
		246E9F3226A7529A00BB5E47 /* Release */ = {
			isa = XCBuildConfiguration;
			buildSettings = {
				ASSETCATALOG_COMPILER_APPICON_NAME = AppIcon;
				ASSETCATALOG_COMPILER_GLOBAL_ACCENT_COLOR_NAME = AccentColor;
				CODE_SIGN_STYLE = Automatic;
				INFOPLIST_FILE = SideProjectSpaceXApp/Info.plist;
				LD_RUNPATH_SEARCH_PATHS = (
					"$(inherited)",
					"@executable_path/Frameworks",
				);
				PRODUCT_BUNDLE_IDENTIFIER = de.test.SideProjectSpaceXApp;
				PRODUCT_NAME = "$(TARGET_NAME)";
				SWIFT_VERSION = 5.0;
				TARGETED_DEVICE_FAMILY = "1,2";
			};
			name = Release;
		};
		246E9F3426A7529A00BB5E47 /* Debug */ = {
			isa = XCBuildConfiguration;
			buildSettings = {
				ALWAYS_EMBED_SWIFT_STANDARD_LIBRARIES = YES;
				BUNDLE_LOADER = "$(TEST_HOST)";
				CODE_SIGN_STYLE = Automatic;
				INFOPLIST_FILE = SideProjectSpaceXAppTests/Info.plist;
				IPHONEOS_DEPLOYMENT_TARGET = 14.5;
				LD_RUNPATH_SEARCH_PATHS = (
					"$(inherited)",
					"@executable_path/Frameworks",
					"@loader_path/Frameworks",
				);
				PRODUCT_BUNDLE_IDENTIFIER = de.test.SideProjectSpaceXAppTests;
				PRODUCT_NAME = "$(TARGET_NAME)";
				SWIFT_VERSION = 5.0;
				TARGETED_DEVICE_FAMILY = "1,2";
				TEST_HOST = "$(BUILT_PRODUCTS_DIR)/SideProjectSpaceXApp.app/SideProjectSpaceXApp";
			};
			name = Debug;
		};
		246E9F3526A7529A00BB5E47 /* Release */ = {
			isa = XCBuildConfiguration;
			buildSettings = {
				ALWAYS_EMBED_SWIFT_STANDARD_LIBRARIES = YES;
				BUNDLE_LOADER = "$(TEST_HOST)";
				CODE_SIGN_STYLE = Automatic;
				INFOPLIST_FILE = SideProjectSpaceXAppTests/Info.plist;
				IPHONEOS_DEPLOYMENT_TARGET = 14.5;
				LD_RUNPATH_SEARCH_PATHS = (
					"$(inherited)",
					"@executable_path/Frameworks",
					"@loader_path/Frameworks",
				);
				PRODUCT_BUNDLE_IDENTIFIER = de.test.SideProjectSpaceXAppTests;
				PRODUCT_NAME = "$(TARGET_NAME)";
				SWIFT_VERSION = 5.0;
				TARGETED_DEVICE_FAMILY = "1,2";
				TEST_HOST = "$(BUILT_PRODUCTS_DIR)/SideProjectSpaceXApp.app/SideProjectSpaceXApp";
			};
			name = Release;
		};
		246E9F3726A7529A00BB5E47 /* Debug */ = {
			isa = XCBuildConfiguration;
			buildSettings = {
				ALWAYS_EMBED_SWIFT_STANDARD_LIBRARIES = YES;
				CODE_SIGN_STYLE = Automatic;
				INFOPLIST_FILE = SideProjectSpaceXAppUITests/Info.plist;
				LD_RUNPATH_SEARCH_PATHS = (
					"$(inherited)",
					"@executable_path/Frameworks",
					"@loader_path/Frameworks",
				);
				PRODUCT_BUNDLE_IDENTIFIER = de.test.SideProjectSpaceXAppUITests;
				PRODUCT_NAME = "$(TARGET_NAME)";
				SWIFT_VERSION = 5.0;
				TARGETED_DEVICE_FAMILY = "1,2";
				TEST_TARGET_NAME = SideProjectSpaceXApp;
			};
			name = Debug;
		};
		246E9F3826A7529A00BB5E47 /* Release */ = {
			isa = XCBuildConfiguration;
			buildSettings = {
				ALWAYS_EMBED_SWIFT_STANDARD_LIBRARIES = YES;
				CODE_SIGN_STYLE = Automatic;
				INFOPLIST_FILE = SideProjectSpaceXAppUITests/Info.plist;
				LD_RUNPATH_SEARCH_PATHS = (
					"$(inherited)",
					"@executable_path/Frameworks",
					"@loader_path/Frameworks",
				);
				PRODUCT_BUNDLE_IDENTIFIER = de.test.SideProjectSpaceXAppUITests;
				PRODUCT_NAME = "$(TARGET_NAME)";
				SWIFT_VERSION = 5.0;
				TARGETED_DEVICE_FAMILY = "1,2";
				TEST_TARGET_NAME = SideProjectSpaceXApp;
			};
			name = Release;
		};
/* End XCBuildConfiguration section */

/* Begin XCConfigurationList section */
		246E9F0126A7529600BB5E47 /* Build configuration list for PBXProject "SideProjectSpaceXApp" */ = {
			isa = XCConfigurationList;
			buildConfigurations = (
				246E9F2E26A7529A00BB5E47 /* Debug */,
				246E9F2F26A7529A00BB5E47 /* Release */,
			);
			defaultConfigurationIsVisible = 0;
			defaultConfigurationName = Release;
		};
		246E9F3026A7529A00BB5E47 /* Build configuration list for PBXNativeTarget "SideProjectSpaceXApp" */ = {
			isa = XCConfigurationList;
			buildConfigurations = (
				246E9F3126A7529A00BB5E47 /* Debug */,
				246E9F3226A7529A00BB5E47 /* Release */,
			);
			defaultConfigurationIsVisible = 0;
			defaultConfigurationName = Release;
		};
		246E9F3326A7529A00BB5E47 /* Build configuration list for PBXNativeTarget "SideProjectSpaceXAppTests" */ = {
			isa = XCConfigurationList;
			buildConfigurations = (
				246E9F3426A7529A00BB5E47 /* Debug */,
				246E9F3526A7529A00BB5E47 /* Release */,
			);
			defaultConfigurationIsVisible = 0;
			defaultConfigurationName = Release;
		};
		246E9F3626A7529A00BB5E47 /* Build configuration list for PBXNativeTarget "SideProjectSpaceXAppUITests" */ = {
			isa = XCConfigurationList;
			buildConfigurations = (
				246E9F3726A7529A00BB5E47 /* Debug */,
				246E9F3826A7529A00BB5E47 /* Release */,
			);
			defaultConfigurationIsVisible = 0;
			defaultConfigurationName = Release;
		};
/* End XCConfigurationList section */
	};
	rootObject = 246E9EFE26A7529600BB5E47 /* Project object */;
}
